// !$*UTF8*$!
{
	archiveVersion = 1;
	classes = {
	};
	objectVersion = 54;
	objects = {

/* Begin PBXBuildFile section */
		0D5BCFD6FE9DF87EB090BBB4 /* Pods_RichEditorViewSample.framework in Frameworks */ = {isa = PBXBuildFile; fileRef = 982558C947C8FA9822226F1F /* Pods_RichEditorViewSample.framework */; };
		39883B491AD0DC270031FD16 /* KeyboardManager.swift in Sources */ = {isa = PBXBuildFile; fileRef = 39883B481AD0DC270031FD16 /* KeyboardManager.swift */; };
		39BBCFB01AD0CC7A00A450D2 /* AppDelegate.swift in Sources */ = {isa = PBXBuildFile; fileRef = 39BBCFAF1AD0CC7A00A450D2 /* AppDelegate.swift */; };
		39BBCFB51AD0CC7A00A450D2 /* Main.storyboard in Resources */ = {isa = PBXBuildFile; fileRef = 39BBCFB31AD0CC7A00A450D2 /* Main.storyboard */; };
		39BBCFB71AD0CC7A00A450D2 /* Images.xcassets in Resources */ = {isa = PBXBuildFile; fileRef = 39BBCFB61AD0CC7A00A450D2 /* Images.xcassets */; };
		39BBCFBA1AD0CC7A00A450D2 /* LaunchScreen.xib in Resources */ = {isa = PBXBuildFile; fileRef = 39BBCFB81AD0CC7A00A450D2 /* LaunchScreen.xib */; };
		39BBCFC61AD0CC7A00A450D2 /* RichEditorViewSampleTests.swift in Sources */ = {isa = PBXBuildFile; fileRef = 39BBCFC51AD0CC7A00A450D2 /* RichEditorViewSampleTests.swift */; };
		400D0A772C0B5684009E7617 /* UIImage+Extensions.swift in Sources */ = {isa = PBXBuildFile; fileRef = 400D0A762C0B5684009E7617 /* UIImage+Extensions.swift */; };
		403B29752C0DDE74006179EC /* boldSelected.png in Resources */ = {isa = PBXBuildFile; fileRef = 403B29702C0DDE74006179EC /* boldSelected.png */; };
		403B29762C0DDE74006179EC /* linkSelected.png in Resources */ = {isa = PBXBuildFile; fileRef = 403B29712C0DDE74006179EC /* linkSelected.png */; };
		403B29772C0DDE74006179EC /* strikeSelected.png in Resources */ = {isa = PBXBuildFile; fileRef = 403B29722C0DDE74006179EC /* strikeSelected.png */; };
		403B29782C0DDE74006179EC /* italicSelected.png in Resources */ = {isa = PBXBuildFile; fileRef = 403B29732C0DDE74006179EC /* italicSelected.png */; };
		403B29792C0DDE74006179EC /* underlineSelected.png in Resources */ = {isa = PBXBuildFile; fileRef = 403B29742C0DDE74006179EC /* underlineSelected.png */; };
		403B297D2C0DDE7F006179EC /* alignCenterSelected.png in Resources */ = {isa = PBXBuildFile; fileRef = 403B297A2C0DDE7F006179EC /* alignCenterSelected.png */; };
		403B297E2C0DDE7F006179EC /* alignRightSelected.png in Resources */ = {isa = PBXBuildFile; fileRef = 403B297B2C0DDE7F006179EC /* alignRightSelected.png */; };
		403B297F2C0DDE7F006179EC /* alignLeftSelected.png in Resources */ = {isa = PBXBuildFile; fileRef = 403B297C2C0DDE7F006179EC /* alignLeftSelected.png */; };
		403B29812C0DDF42006179EC /* ViewController.swift in Sources */ = {isa = PBXBuildFile; fileRef = 403B29802C0DDF42006179EC /* ViewController.swift */; };
		403B299A2C0DF468006179EC /* alignLeft.png in Resources */ = {isa = PBXBuildFile; fileRef = 403B29922C0DF468006179EC /* alignLeft.png */; };
		403B299B2C0DF468006179EC /* link.png in Resources */ = {isa = PBXBuildFile; fileRef = 403B29932C0DF468006179EC /* link.png */; };
		403B299C2C0DF468006179EC /* alignRight.png in Resources */ = {isa = PBXBuildFile; fileRef = 403B29942C0DF468006179EC /* alignRight.png */; };
		403B299D2C0DF468006179EC /* strike.png in Resources */ = {isa = PBXBuildFile; fileRef = 403B29952C0DF468006179EC /* strike.png */; };
		403B299E2C0DF468006179EC /* bold.png in Resources */ = {isa = PBXBuildFile; fileRef = 403B29962C0DF468006179EC /* bold.png */; };
		403B299F2C0DF468006179EC /* alignCenter.png in Resources */ = {isa = PBXBuildFile; fileRef = 403B29972C0DF468006179EC /* alignCenter.png */; };
		403B29A02C0DF468006179EC /* underline.png in Resources */ = {isa = PBXBuildFile; fileRef = 403B29982C0DF468006179EC /* underline.png */; };
		403B29A12C0DF468006179EC /* italic.png in Resources */ = {isa = PBXBuildFile; fileRef = 403B29992C0DF468006179EC /* italic.png */; };
		404668D22C0AF7C7003C5A08 /* RichEditorOptionItem.swift in Sources */ = {isa = PBXBuildFile; fileRef = 404668D12C0AF7C7003C5A08 /* RichEditorOptionItem.swift */; };
		404668D42C0AF7EB003C5A08 /* RichEditorToolbar.swift in Sources */ = {isa = PBXBuildFile; fileRef = 404668D32C0AF7EB003C5A08 /* RichEditorToolbar.swift */; };
		404668D62C0AF80C003C5A08 /* RichEditorView.swift in Sources */ = {isa = PBXBuildFile; fileRef = 404668D52C0AF80C003C5A08 /* RichEditorView.swift */; };
		404668D82C0AF835003C5A08 /* RichEditorWebView.swift in Sources */ = {isa = PBXBuildFile; fileRef = 404668D72C0AF835003C5A08 /* RichEditorWebView.swift */; };
		404668DA2C0AF84D003C5A08 /* String+Extensions.swift in Sources */ = {isa = PBXBuildFile; fileRef = 404668D92C0AF84D003C5A08 /* String+Extensions.swift */; };
		404668DC2C0AF869003C5A08 /* UIColor+Extensions.swift in Sources */ = {isa = PBXBuildFile; fileRef = 404668DB2C0AF869003C5A08 /* UIColor+Extensions.swift */; };
		404668E52C0AFD4C003C5A08 /* rich_editor_tests.js in Resources */ = {isa = PBXBuildFile; fileRef = 404668DE2C0AFD4C003C5A08 /* rich_editor_tests.js */; };
		404668E62C0AFD4C003C5A08 /* assert.js in Resources */ = {isa = PBXBuildFile; fileRef = 404668DF2C0AFD4C003C5A08 /* assert.js */; };
		404668E72C0AFD4C003C5A08 /* rich_editor.js in Resources */ = {isa = PBXBuildFile; fileRef = 404668E02C0AFD4C003C5A08 /* rich_editor.js */; };
		404668E82C0AFD4C003C5A08 /* rich_editor_tests.html in Resources */ = {isa = PBXBuildFile; fileRef = 404668E12C0AFD4C003C5A08 /* rich_editor_tests.html */; };
		404668E92C0AFD4C003C5A08 /* rich_editor.html in Resources */ = {isa = PBXBuildFile; fileRef = 404668E22C0AFD4C003C5A08 /* rich_editor.html */; };
		404668EA2C0AFD4C003C5A08 /* style.css in Resources */ = {isa = PBXBuildFile; fileRef = 404668E32C0AFD4C003C5A08 /* style.css */; };
		404668EB2C0AFD4C003C5A08 /* normalize.css in Resources */ = {isa = PBXBuildFile; fileRef = 404668E42C0AFD4C003C5A08 /* normalize.css */; };
		404669102C0AFD5C003C5A08 /* h2@2x.png in Resources */ = {isa = PBXBuildFile; fileRef = 404668ED2C0AFD5C003C5A08 /* h2@2x.png */; };
		404669192C0AFD5C003C5A08 /* h4@2x.png in Resources */ = {isa = PBXBuildFile; fileRef = 404668F62C0AFD5C003C5A08 /* h4@2x.png */; };
		4046691A2C0AFD5C003C5A08 /* h6@2x.png in Resources */ = {isa = PBXBuildFile; fileRef = 404668F72C0AFD5C003C5A08 /* h6@2x.png */; };
		404669222C0AFD5C003C5A08 /* h3@2x.png in Resources */ = {isa = PBXBuildFile; fileRef = 404668FF2C0AFD5C003C5A08 /* h3@2x.png */; };
		404669242C0AFD5C003C5A08 /* h1@2x.png in Resources */ = {isa = PBXBuildFile; fileRef = 404669012C0AFD5C003C5A08 /* h1@2x.png */; };
		404669292C0AFD5C003C5A08 /* h5@2x.png in Resources */ = {isa = PBXBuildFile; fileRef = 404669062C0AFD5C003C5A08 /* h5@2x.png */; };
		404669352C0B1ABD003C5A08 /* MentionTableCell.swift in Sources */ = {isa = PBXBuildFile; fileRef = 404669342C0B1ABD003C5A08 /* MentionTableCell.swift */; };
		404669372C0B1ACB003C5A08 /* MentionTableCell.xib in Resources */ = {isa = PBXBuildFile; fileRef = 404669362C0B1ACB003C5A08 /* MentionTableCell.xib */; };
		40D7D98B2C0F19FA0008D23F /* ordered_list@3x.png in Resources */ = {isa = PBXBuildFile; fileRef = 40D7D9892C0F19FA0008D23F /* ordered_list@3x.png */; };
		40D7D98C2C0F19FA0008D23F /* ordered_list@2x.png in Resources */ = {isa = PBXBuildFile; fileRef = 40D7D98A2C0F19FA0008D23F /* ordered_list@2x.png */; };
		40D7D98F2C0F1A330008D23F /* unordered_list@2x.png in Resources */ = {isa = PBXBuildFile; fileRef = 40D7D98D2C0F1A330008D23F /* unordered_list@2x.png */; };
		40D7D9902C0F1A330008D23F /* unordered_list@3x.png in Resources */ = {isa = PBXBuildFile; fileRef = 40D7D98E2C0F1A330008D23F /* unordered_list@3x.png */; };
		D5A6E34DAA29BBCCBA4357C9 /* Pods_RichEditorViewSampleTests.framework in Frameworks */ = {isa = PBXBuildFile; fileRef = 6DCFBA4F033F03D526A97F32 /* Pods_RichEditorViewSampleTests.framework */; };
/* End PBXBuildFile section */

/* Begin PBXContainerItemProxy section */
		39BBCFC01AD0CC7A00A450D2 /* PBXContainerItemProxy */ = {
			isa = PBXContainerItemProxy;
			containerPortal = 39BBCFA21AD0CC7A00A450D2 /* Project object */;
			proxyType = 1;
			remoteGlobalIDString = 39BBCFA91AD0CC7A00A450D2;
			remoteInfo = RichEditorViewSample;
		};
/* End PBXContainerItemProxy section */

/* Begin PBXFileReference section */
		241FB2F40D00879B5C95D808 /* Pods-RichEditorViewSampleTests.release.xcconfig */ = {isa = PBXFileReference; includeInIndex = 1; lastKnownFileType = text.xcconfig; name = "Pods-RichEditorViewSampleTests.release.xcconfig"; path = "Target Support Files/Pods-RichEditorViewSampleTests/Pods-RichEditorViewSampleTests.release.xcconfig"; sourceTree = "<group>"; };
		3912A4531B966C34005E41FA /* RichEditorViewSample-Bridging-Header.h */ = {isa = PBXFileReference; lastKnownFileType = sourcecode.c.h; path = "RichEditorViewSample-Bridging-Header.h"; sourceTree = "<group>"; };
		39883B481AD0DC270031FD16 /* KeyboardManager.swift */ = {isa = PBXFileReference; fileEncoding = 4; lastKnownFileType = sourcecode.swift; path = KeyboardManager.swift; sourceTree = "<group>"; };
		39BBCFAA1AD0CC7A00A450D2 /* RichEditorViewSample.app */ = {isa = PBXFileReference; explicitFileType = wrapper.application; includeInIndex = 0; path = RichEditorViewSample.app; sourceTree = BUILT_PRODUCTS_DIR; };
		39BBCFAE1AD0CC7A00A450D2 /* Info.plist */ = {isa = PBXFileReference; lastKnownFileType = text.plist.xml; path = Info.plist; sourceTree = "<group>"; };
		39BBCFAF1AD0CC7A00A450D2 /* AppDelegate.swift */ = {isa = PBXFileReference; lastKnownFileType = sourcecode.swift; path = AppDelegate.swift; sourceTree = "<group>"; };
		39BBCFB41AD0CC7A00A450D2 /* Base */ = {isa = PBXFileReference; lastKnownFileType = file.storyboard; name = Base; path = Base.lproj/Main.storyboard; sourceTree = "<group>"; };
		39BBCFB61AD0CC7A00A450D2 /* Images.xcassets */ = {isa = PBXFileReference; lastKnownFileType = folder.assetcatalog; path = Images.xcassets; sourceTree = "<group>"; };
		39BBCFB91AD0CC7A00A450D2 /* Base */ = {isa = PBXFileReference; lastKnownFileType = file.xib; name = Base; path = Base.lproj/LaunchScreen.xib; sourceTree = "<group>"; };
		39BBCFBF1AD0CC7A00A450D2 /* RichEditorViewSampleTests.xctest */ = {isa = PBXFileReference; explicitFileType = wrapper.cfbundle; includeInIndex = 0; path = RichEditorViewSampleTests.xctest; sourceTree = BUILT_PRODUCTS_DIR; };
		39BBCFC41AD0CC7A00A450D2 /* Info.plist */ = {isa = PBXFileReference; lastKnownFileType = text.plist.xml; path = Info.plist; sourceTree = "<group>"; };
		39BBCFC51AD0CC7A00A450D2 /* RichEditorViewSampleTests.swift */ = {isa = PBXFileReference; lastKnownFileType = sourcecode.swift; path = RichEditorViewSampleTests.swift; sourceTree = "<group>"; };
		400D0A762C0B5684009E7617 /* UIImage+Extensions.swift */ = {isa = PBXFileReference; lastKnownFileType = sourcecode.swift; path = "UIImage+Extensions.swift"; sourceTree = "<group>"; };
		403B29702C0DDE74006179EC /* boldSelected.png */ = {isa = PBXFileReference; lastKnownFileType = image.png; path = boldSelected.png; sourceTree = "<group>"; };
		403B29712C0DDE74006179EC /* linkSelected.png */ = {isa = PBXFileReference; lastKnownFileType = image.png; path = linkSelected.png; sourceTree = "<group>"; };
		403B29722C0DDE74006179EC /* strikeSelected.png */ = {isa = PBXFileReference; lastKnownFileType = image.png; path = strikeSelected.png; sourceTree = "<group>"; };
		403B29732C0DDE74006179EC /* italicSelected.png */ = {isa = PBXFileReference; lastKnownFileType = image.png; path = italicSelected.png; sourceTree = "<group>"; };
		403B29742C0DDE74006179EC /* underlineSelected.png */ = {isa = PBXFileReference; lastKnownFileType = image.png; path = underlineSelected.png; sourceTree = "<group>"; };
		403B297A2C0DDE7F006179EC /* alignCenterSelected.png */ = {isa = PBXFileReference; lastKnownFileType = image.png; path = alignCenterSelected.png; sourceTree = "<group>"; };
		403B297B2C0DDE7F006179EC /* alignRightSelected.png */ = {isa = PBXFileReference; lastKnownFileType = image.png; path = alignRightSelected.png; sourceTree = "<group>"; };
		403B297C2C0DDE7F006179EC /* alignLeftSelected.png */ = {isa = PBXFileReference; lastKnownFileType = image.png; path = alignLeftSelected.png; sourceTree = "<group>"; };
		403B29802C0DDF42006179EC /* ViewController.swift */ = {isa = PBXFileReference; fileEncoding = 4; lastKnownFileType = sourcecode.swift; path = ViewController.swift; sourceTree = "<group>"; };
		403B29922C0DF468006179EC /* alignLeft.png */ = {isa = PBXFileReference; lastKnownFileType = image.png; path = alignLeft.png; sourceTree = "<group>"; };
		403B29932C0DF468006179EC /* link.png */ = {isa = PBXFileReference; lastKnownFileType = image.png; path = link.png; sourceTree = "<group>"; };
		403B29942C0DF468006179EC /* alignRight.png */ = {isa = PBXFileReference; lastKnownFileType = image.png; path = alignRight.png; sourceTree = "<group>"; };
		403B29952C0DF468006179EC /* strike.png */ = {isa = PBXFileReference; lastKnownFileType = image.png; path = strike.png; sourceTree = "<group>"; };
		403B29962C0DF468006179EC /* bold.png */ = {isa = PBXFileReference; lastKnownFileType = image.png; path = bold.png; sourceTree = "<group>"; };
		403B29972C0DF468006179EC /* alignCenter.png */ = {isa = PBXFileReference; lastKnownFileType = image.png; path = alignCenter.png; sourceTree = "<group>"; };
		403B29982C0DF468006179EC /* underline.png */ = {isa = PBXFileReference; lastKnownFileType = image.png; path = underline.png; sourceTree = "<group>"; };
		403B29992C0DF468006179EC /* italic.png */ = {isa = PBXFileReference; lastKnownFileType = image.png; path = italic.png; sourceTree = "<group>"; };
		404668D12C0AF7C7003C5A08 /* RichEditorOptionItem.swift */ = {isa = PBXFileReference; lastKnownFileType = sourcecode.swift; path = RichEditorOptionItem.swift; sourceTree = "<group>"; };
		404668D32C0AF7EB003C5A08 /* RichEditorToolbar.swift */ = {isa = PBXFileReference; lastKnownFileType = sourcecode.swift; path = RichEditorToolbar.swift; sourceTree = "<group>"; };
		404668D52C0AF80C003C5A08 /* RichEditorView.swift */ = {isa = PBXFileReference; lastKnownFileType = sourcecode.swift; path = RichEditorView.swift; sourceTree = "<group>"; };
		404668D72C0AF835003C5A08 /* RichEditorWebView.swift */ = {isa = PBXFileReference; lastKnownFileType = sourcecode.swift; path = RichEditorWebView.swift; sourceTree = "<group>"; };
		404668D92C0AF84D003C5A08 /* String+Extensions.swift */ = {isa = PBXFileReference; lastKnownFileType = sourcecode.swift; path = "String+Extensions.swift"; sourceTree = "<group>"; };
		404668DB2C0AF869003C5A08 /* UIColor+Extensions.swift */ = {isa = PBXFileReference; lastKnownFileType = sourcecode.swift; path = "UIColor+Extensions.swift"; sourceTree = "<group>"; };
		404668DE2C0AFD4C003C5A08 /* rich_editor_tests.js */ = {isa = PBXFileReference; fileEncoding = 4; lastKnownFileType = sourcecode.javascript; path = rich_editor_tests.js; sourceTree = "<group>"; };
		404668DF2C0AFD4C003C5A08 /* assert.js */ = {isa = PBXFileReference; fileEncoding = 4; lastKnownFileType = sourcecode.javascript; path = assert.js; sourceTree = "<group>"; };
		404668E02C0AFD4C003C5A08 /* rich_editor.js */ = {isa = PBXFileReference; fileEncoding = 4; lastKnownFileType = sourcecode.javascript; path = rich_editor.js; sourceTree = "<group>"; };
		404668E12C0AFD4C003C5A08 /* rich_editor_tests.html */ = {isa = PBXFileReference; fileEncoding = 4; lastKnownFileType = text.html; path = rich_editor_tests.html; sourceTree = "<group>"; };
		404668E22C0AFD4C003C5A08 /* rich_editor.html */ = {isa = PBXFileReference; fileEncoding = 4; lastKnownFileType = text.html; path = rich_editor.html; sourceTree = "<group>"; };
		404668E32C0AFD4C003C5A08 /* style.css */ = {isa = PBXFileReference; fileEncoding = 4; lastKnownFileType = text.css; path = style.css; sourceTree = "<group>"; };
		404668E42C0AFD4C003C5A08 /* normalize.css */ = {isa = PBXFileReference; fileEncoding = 4; lastKnownFileType = text.css; path = normalize.css; sourceTree = "<group>"; };
		404668ED2C0AFD5C003C5A08 /* h2@2x.png */ = {isa = PBXFileReference; lastKnownFileType = image.png; path = "h2@2x.png"; sourceTree = "<group>"; };
		404668F62C0AFD5C003C5A08 /* h4@2x.png */ = {isa = PBXFileReference; lastKnownFileType = image.png; path = "h4@2x.png"; sourceTree = "<group>"; };
		404668F72C0AFD5C003C5A08 /* h6@2x.png */ = {isa = PBXFileReference; lastKnownFileType = image.png; path = "h6@2x.png"; sourceTree = "<group>"; };
		404668FF2C0AFD5C003C5A08 /* h3@2x.png */ = {isa = PBXFileReference; lastKnownFileType = image.png; path = "h3@2x.png"; sourceTree = "<group>"; };
		404669012C0AFD5C003C5A08 /* h1@2x.png */ = {isa = PBXFileReference; lastKnownFileType = image.png; path = "h1@2x.png"; sourceTree = "<group>"; };
		404669062C0AFD5C003C5A08 /* h5@2x.png */ = {isa = PBXFileReference; lastKnownFileType = image.png; path = "h5@2x.png"; sourceTree = "<group>"; };
		404669342C0B1ABD003C5A08 /* MentionTableCell.swift */ = {isa = PBXFileReference; lastKnownFileType = sourcecode.swift; path = MentionTableCell.swift; sourceTree = "<group>"; };
		404669362C0B1ACB003C5A08 /* MentionTableCell.xib */ = {isa = PBXFileReference; lastKnownFileType = file.xib; path = MentionTableCell.xib; sourceTree = "<group>"; };
		40D7D9892C0F19FA0008D23F /* ordered_list@3x.png */ = {isa = PBXFileReference; lastKnownFileType = image.png; path = "ordered_list@3x.png"; sourceTree = "<group>"; };
		40D7D98A2C0F19FA0008D23F /* ordered_list@2x.png */ = {isa = PBXFileReference; lastKnownFileType = image.png; path = "ordered_list@2x.png"; sourceTree = "<group>"; };
		40D7D98D2C0F1A330008D23F /* unordered_list@2x.png */ = {isa = PBXFileReference; lastKnownFileType = image.png; path = "unordered_list@2x.png"; sourceTree = "<group>"; };
		40D7D98E2C0F1A330008D23F /* unordered_list@3x.png */ = {isa = PBXFileReference; lastKnownFileType = image.png; path = "unordered_list@3x.png"; sourceTree = "<group>"; };
		6DCFBA4F033F03D526A97F32 /* Pods_RichEditorViewSampleTests.framework */ = {isa = PBXFileReference; explicitFileType = wrapper.framework; includeInIndex = 0; path = Pods_RichEditorViewSampleTests.framework; sourceTree = BUILT_PRODUCTS_DIR; };
		711C4CDE8BAD5287644EECDB /* Pods-RichEditorViewSample.release.xcconfig */ = {isa = PBXFileReference; includeInIndex = 1; lastKnownFileType = text.xcconfig; name = "Pods-RichEditorViewSample.release.xcconfig"; path = "Target Support Files/Pods-RichEditorViewSample/Pods-RichEditorViewSample.release.xcconfig"; sourceTree = "<group>"; };
		7C486AFCBFD3DFEE9E96E745 /* Pods-RichEditorViewSample.debug.xcconfig */ = {isa = PBXFileReference; includeInIndex = 1; lastKnownFileType = text.xcconfig; name = "Pods-RichEditorViewSample.debug.xcconfig"; path = "Target Support Files/Pods-RichEditorViewSample/Pods-RichEditorViewSample.debug.xcconfig"; sourceTree = "<group>"; };
		982558C947C8FA9822226F1F /* Pods_RichEditorViewSample.framework */ = {isa = PBXFileReference; explicitFileType = wrapper.framework; includeInIndex = 0; path = Pods_RichEditorViewSample.framework; sourceTree = BUILT_PRODUCTS_DIR; };
		CD7AC640A6F6D280D596A0E7 /* Pods-RichEditorViewSampleTests.debug.xcconfig */ = {isa = PBXFileReference; includeInIndex = 1; lastKnownFileType = text.xcconfig; name = "Pods-RichEditorViewSampleTests.debug.xcconfig"; path = "Target Support Files/Pods-RichEditorViewSampleTests/Pods-RichEditorViewSampleTests.debug.xcconfig"; sourceTree = "<group>"; };
/* End PBXFileReference section */

/* Begin PBXFrameworksBuildPhase section */
		39BBCFA71AD0CC7A00A450D2 /* Frameworks */ = {
			isa = PBXFrameworksBuildPhase;
			buildActionMask = 2147483647;
			files = (
				0D5BCFD6FE9DF87EB090BBB4 /* Pods_RichEditorViewSample.framework in Frameworks */,
			);
			runOnlyForDeploymentPostprocessing = 0;
		};
		39BBCFBC1AD0CC7A00A450D2 /* Frameworks */ = {
			isa = PBXFrameworksBuildPhase;
			buildActionMask = 2147483647;
			files = (
				D5A6E34DAA29BBCCBA4357C9 /* Pods_RichEditorViewSampleTests.framework in Frameworks */,
			);
			runOnlyForDeploymentPostprocessing = 0;
		};
/* End PBXFrameworksBuildPhase section */

/* Begin PBXGroup section */
		39BBCFA11AD0CC7A00A450D2 = {
			isa = PBXGroup;
			children = (
				39BBCFAC1AD0CC7A00A450D2 /* RichEditorViewSample */,
				39BBCFC21AD0CC7A00A450D2 /* RichEditorViewSampleTests */,
				39BBCFAB1AD0CC7A00A450D2 /* Products */,
				D0CF9EA3CB8AA2B2756BE6EF /* Pods */,
				8C0BDC332A694AB8AF5ADFCC /* Frameworks */,
			);
			sourceTree = "<group>";
		};
		39BBCFAB1AD0CC7A00A450D2 /* Products */ = {
			isa = PBXGroup;
			children = (
				39BBCFAA1AD0CC7A00A450D2 /* RichEditorViewSample.app */,
				39BBCFBF1AD0CC7A00A450D2 /* RichEditorViewSampleTests.xctest */,
			);
			name = Products;
			sourceTree = "<group>";
		};
		39BBCFAC1AD0CC7A00A450D2 /* RichEditorViewSample */ = {
			isa = PBXGroup;
			children = (
				404669332C0B1AA4003C5A08 /* MentionTableCell */,
				404668C22C0AF6DC003C5A08 /* RichEdit */,
				39BBCFAF1AD0CC7A00A450D2 /* AppDelegate.swift */,
				403B29802C0DDF42006179EC /* ViewController.swift */,
				39BBCFB31AD0CC7A00A450D2 /* Main.storyboard */,
				39BBCFB61AD0CC7A00A450D2 /* Images.xcassets */,
				39BBCFB81AD0CC7A00A450D2 /* LaunchScreen.xib */,
				39BBCFAD1AD0CC7A00A450D2 /* Supporting Files */,
				39883B481AD0DC270031FD16 /* KeyboardManager.swift */,
				3912A4531B966C34005E41FA /* RichEditorViewSample-Bridging-Header.h */,
			);
			path = RichEditorViewSample;
			sourceTree = "<group>";
		};
		39BBCFAD1AD0CC7A00A450D2 /* Supporting Files */ = {
			isa = PBXGroup;
			children = (
				39BBCFAE1AD0CC7A00A450D2 /* Info.plist */,
			);
			name = "Supporting Files";
			sourceTree = "<group>";
		};
		39BBCFC21AD0CC7A00A450D2 /* RichEditorViewSampleTests */ = {
			isa = PBXGroup;
			children = (
				39BBCFC51AD0CC7A00A450D2 /* RichEditorViewSampleTests.swift */,
				39BBCFC31AD0CC7A00A450D2 /* Supporting Files */,
			);
			path = RichEditorViewSampleTests;
			sourceTree = "<group>";
		};
		39BBCFC31AD0CC7A00A450D2 /* Supporting Files */ = {
			isa = PBXGroup;
			children = (
				39BBCFC41AD0CC7A00A450D2 /* Info.plist */,
			);
			name = "Supporting Files";
			sourceTree = "<group>";
		};
		404668C22C0AF6DC003C5A08 /* RichEdit */ = {
			isa = PBXGroup;
			children = (
				404668D12C0AF7C7003C5A08 /* RichEditorOptionItem.swift */,
				404668D32C0AF7EB003C5A08 /* RichEditorToolbar.swift */,
				404668D52C0AF80C003C5A08 /* RichEditorView.swift */,
				404668D72C0AF835003C5A08 /* RichEditorWebView.swift */,
				404668D92C0AF84D003C5A08 /* String+Extensions.swift */,
				404668DB2C0AF869003C5A08 /* UIColor+Extensions.swift */,
				404668EC2C0AFD5C003C5A08 /* icons */,
				404668DD2C0AFD4C003C5A08 /* editor */,
				400D0A762C0B5684009E7617 /* UIImage+Extensions.swift */,
			);
			name = RichEdit;
			sourceTree = "<group>";
		};
		404668DD2C0AFD4C003C5A08 /* editor */ = {
			isa = PBXGroup;
			children = (
				404668DE2C0AFD4C003C5A08 /* rich_editor_tests.js */,
				404668DF2C0AFD4C003C5A08 /* assert.js */,
				404668E02C0AFD4C003C5A08 /* rich_editor.js */,
				404668E12C0AFD4C003C5A08 /* rich_editor_tests.html */,
				404668E22C0AFD4C003C5A08 /* rich_editor.html */,
				404668E32C0AFD4C003C5A08 /* style.css */,
				404668E42C0AFD4C003C5A08 /* normalize.css */,
			);
			path = editor;
			sourceTree = "<group>";
		};
		404668EC2C0AFD5C003C5A08 /* icons */ = {
			isa = PBXGroup;
			children = (
				40D7D98D2C0F1A330008D23F /* unordered_list@2x.png */,
				40D7D98E2C0F1A330008D23F /* unordered_list@3x.png */,
				40D7D98A2C0F19FA0008D23F /* ordered_list@2x.png */,
				40D7D9892C0F19FA0008D23F /* ordered_list@3x.png */,
				403B297A2C0DDE7F006179EC /* alignCenterSelected.png */,
				403B297C2C0DDE7F006179EC /* alignLeftSelected.png */,
				403B297B2C0DDE7F006179EC /* alignRightSelected.png */,
				403B29702C0DDE74006179EC /* boldSelected.png */,
				403B29732C0DDE74006179EC /* italicSelected.png */,
				403B29712C0DDE74006179EC /* linkSelected.png */,
				403B29722C0DDE74006179EC /* strikeSelected.png */,
				403B29742C0DDE74006179EC /* underlineSelected.png */,
				403B29972C0DF468006179EC /* alignCenter.png */,
				403B29922C0DF468006179EC /* alignLeft.png */,
				403B29942C0DF468006179EC /* alignRight.png */,
				403B29962C0DF468006179EC /* bold.png */,
				403B29992C0DF468006179EC /* italic.png */,
				403B29932C0DF468006179EC /* link.png */,
				403B29952C0DF468006179EC /* strike.png */,
				403B29982C0DF468006179EC /* underline.png */,
				404669012C0AFD5C003C5A08 /* h1@2x.png */,
				404668ED2C0AFD5C003C5A08 /* h2@2x.png */,
				404668FF2C0AFD5C003C5A08 /* h3@2x.png */,
				404668F62C0AFD5C003C5A08 /* h4@2x.png */,
				404669062C0AFD5C003C5A08 /* h5@2x.png */,
				404668F72C0AFD5C003C5A08 /* h6@2x.png */,
			);
			path = icons;
			sourceTree = "<group>";
		};
		404669332C0B1AA4003C5A08 /* MentionTableCell */ = {
			isa = PBXGroup;
			children = (
				404669342C0B1ABD003C5A08 /* MentionTableCell.swift */,
				404669362C0B1ACB003C5A08 /* MentionTableCell.xib */,
			);
			name = MentionTableCell;
			sourceTree = "<group>";
		};
		8C0BDC332A694AB8AF5ADFCC /* Frameworks */ = {
			isa = PBXGroup;
			children = (
				982558C947C8FA9822226F1F /* Pods_RichEditorViewSample.framework */,
				6DCFBA4F033F03D526A97F32 /* Pods_RichEditorViewSampleTests.framework */,
			);
			name = Frameworks;
			sourceTree = "<group>";
		};
		D0CF9EA3CB8AA2B2756BE6EF /* Pods */ = {
			isa = PBXGroup;
			children = (
				7C486AFCBFD3DFEE9E96E745 /* Pods-RichEditorViewSample.debug.xcconfig */,
				711C4CDE8BAD5287644EECDB /* Pods-RichEditorViewSample.release.xcconfig */,
				CD7AC640A6F6D280D596A0E7 /* Pods-RichEditorViewSampleTests.debug.xcconfig */,
				241FB2F40D00879B5C95D808 /* Pods-RichEditorViewSampleTests.release.xcconfig */,
			);
			path = Pods;
			sourceTree = "<group>";
		};
/* End PBXGroup section */

/* Begin PBXNativeTarget section */
		39BBCFA91AD0CC7A00A450D2 /* RichEditorViewSample */ = {
			isa = PBXNativeTarget;
			buildConfigurationList = 39BBCFC91AD0CC7A00A450D2 /* Build configuration list for PBXNativeTarget "RichEditorViewSample" */;
			buildPhases = (
				4E74B098CF14DF0631DC2B86 /* [CP] Check Pods Manifest.lock */,
				39BBCFA61AD0CC7A00A450D2 /* Sources */,
				39BBCFA71AD0CC7A00A450D2 /* Frameworks */,
				39BBCFA81AD0CC7A00A450D2 /* Resources */,
			);
			buildRules = (
			);
			dependencies = (
			);
			name = RichEditorViewSample;
			productName = RichEditorViewSample;
			productReference = 39BBCFAA1AD0CC7A00A450D2 /* RichEditorViewSample.app */;
			productType = "com.apple.product-type.application";
		};
		39BBCFBE1AD0CC7A00A450D2 /* RichEditorViewSampleTests */ = {
			isa = PBXNativeTarget;
			buildConfigurationList = 39BBCFCC1AD0CC7A00A450D2 /* Build configuration list for PBXNativeTarget "RichEditorViewSampleTests" */;
			buildPhases = (
				1B7CE64E620B615CDEE3ADFD /* [CP] Check Pods Manifest.lock */,
				39BBCFBB1AD0CC7A00A450D2 /* Sources */,
				39BBCFBC1AD0CC7A00A450D2 /* Frameworks */,
				39BBCFBD1AD0CC7A00A450D2 /* Resources */,
			);
			buildRules = (
			);
			dependencies = (
				39BBCFC11AD0CC7A00A450D2 /* PBXTargetDependency */,
			);
			name = RichEditorViewSampleTests;
			productName = RichEditorViewSampleTests;
			productReference = 39BBCFBF1AD0CC7A00A450D2 /* RichEditorViewSampleTests.xctest */;
			productType = "com.apple.product-type.bundle.unit-test";
		};
/* End PBXNativeTarget section */

/* Begin PBXProject section */
		39BBCFA21AD0CC7A00A450D2 /* Project object */ = {
			isa = PBXProject;
			attributes = {
				BuildIndependentTargetsInParallel = YES;
				LastSwiftUpdateCheck = 0700;
				LastUpgradeCheck = 1510;
				ORGANIZATIONNAME = "Caesar Wirth";
				TargetAttributes = {
					39BBCFA91AD0CC7A00A450D2 = {
						CreatedOnToolsVersion = 6.2;
						DevelopmentTeam = 37D4SXVKKL;
						LastSwiftMigration = 1100;
					};
					39BBCFBE1AD0CC7A00A450D2 = {
						CreatedOnToolsVersion = 6.2;
						DevelopmentTeam = 37D4SXVKKL;
						LastSwiftMigration = 1100;
						TestTargetID = 39BBCFA91AD0CC7A00A450D2;
					};
				};
			};
			buildConfigurationList = 39BBCFA51AD0CC7A00A450D2 /* Build configuration list for PBXProject "RichEditorViewSample" */;
			compatibilityVersion = "Xcode 3.2";
			developmentRegion = en;
			hasScannedForEncodings = 0;
			knownRegions = (
				en,
				Base,
			);
			mainGroup = 39BBCFA11AD0CC7A00A450D2;
			productRefGroup = 39BBCFAB1AD0CC7A00A450D2 /* Products */;
			projectDirPath = "";
			projectRoot = "";
			targets = (
				39BBCFA91AD0CC7A00A450D2 /* RichEditorViewSample */,
				39BBCFBE1AD0CC7A00A450D2 /* RichEditorViewSampleTests */,
			);
		};
/* End PBXProject section */

/* Begin PBXResourcesBuildPhase section */
		39BBCFA81AD0CC7A00A450D2 /* Resources */ = {
			isa = PBXResourcesBuildPhase;
			buildActionMask = 2147483647;
			files = (
				404669242C0AFD5C003C5A08 /* h1@2x.png in Resources */,
				39BBCFB51AD0CC7A00A450D2 /* Main.storyboard in Resources */,
				403B299B2C0DF468006179EC /* link.png in Resources */,
				404668EB2C0AFD4C003C5A08 /* normalize.css in Resources */,
				403B29772C0DDE74006179EC /* strikeSelected.png in Resources */,
				40D7D98B2C0F19FA0008D23F /* ordered_list@3x.png in Resources */,
				403B297F2C0DDE7F006179EC /* alignLeftSelected.png in Resources */,
				403B29A02C0DF468006179EC /* underline.png in Resources */,
				404668EA2C0AFD4C003C5A08 /* style.css in Resources */,
				403B29762C0DDE74006179EC /* linkSelected.png in Resources */,
				404669372C0B1ACB003C5A08 /* MentionTableCell.xib in Resources */,
				403B29792C0DDE74006179EC /* underlineSelected.png in Resources */,
				403B299C2C0DF468006179EC /* alignRight.png in Resources */,
				404668E72C0AFD4C003C5A08 /* rich_editor.js in Resources */,
				4046691A2C0AFD5C003C5A08 /* h6@2x.png in Resources */,
				403B29A12C0DF468006179EC /* italic.png in Resources */,
				404669192C0AFD5C003C5A08 /* h4@2x.png in Resources */,
				404669292C0AFD5C003C5A08 /* h5@2x.png in Resources */,
				403B299F2C0DF468006179EC /* alignCenter.png in Resources */,
				403B299D2C0DF468006179EC /* strike.png in Resources */,
				404668E52C0AFD4C003C5A08 /* rich_editor_tests.js in Resources */,
				404668E82C0AFD4C003C5A08 /* rich_editor_tests.html in Resources */,
				40D7D98C2C0F19FA0008D23F /* ordered_list@2x.png in Resources */,
				39BBCFBA1AD0CC7A00A450D2 /* LaunchScreen.xib in Resources */,
				404669102C0AFD5C003C5A08 /* h2@2x.png in Resources */,
				404668E62C0AFD4C003C5A08 /* assert.js in Resources */,
				403B299A2C0DF468006179EC /* alignLeft.png in Resources */,
				403B29752C0DDE74006179EC /* boldSelected.png in Resources */,
				40D7D9902C0F1A330008D23F /* unordered_list@3x.png in Resources */,
				39BBCFB71AD0CC7A00A450D2 /* Images.xcassets in Resources */,
				40D7D98F2C0F1A330008D23F /* unordered_list@2x.png in Resources */,
				403B297E2C0DDE7F006179EC /* alignRightSelected.png in Resources */,
				404668E92C0AFD4C003C5A08 /* rich_editor.html in Resources */,
				403B299E2C0DF468006179EC /* bold.png in Resources */,
				403B297D2C0DDE7F006179EC /* alignCenterSelected.png in Resources */,
				404669222C0AFD5C003C5A08 /* h3@2x.png in Resources */,
				403B29782C0DDE74006179EC /* italicSelected.png in Resources */,
			);
			runOnlyForDeploymentPostprocessing = 0;
		};
		39BBCFBD1AD0CC7A00A450D2 /* Resources */ = {
			isa = PBXResourcesBuildPhase;
			buildActionMask = 2147483647;
			files = (
			);
			runOnlyForDeploymentPostprocessing = 0;
		};
/* End PBXResourcesBuildPhase section */

/* Begin PBXShellScriptBuildPhase section */
		1B7CE64E620B615CDEE3ADFD /* [CP] Check Pods Manifest.lock */ = {
			isa = PBXShellScriptBuildPhase;
			buildActionMask = 2147483647;
			files = (
			);
			inputFileListPaths = (
			);
			inputPaths = (
				"${PODS_PODFILE_DIR_PATH}/Podfile.lock",
				"${PODS_ROOT}/Manifest.lock",
			);
			name = "[CP] Check Pods Manifest.lock";
			outputFileListPaths = (
			);
			outputPaths = (
				"$(DERIVED_FILE_DIR)/Pods-RichEditorViewSampleTests-checkManifestLockResult.txt",
			);
			runOnlyForDeploymentPostprocessing = 0;
			shellPath = /bin/sh;
			shellScript = "diff \"${PODS_PODFILE_DIR_PATH}/Podfile.lock\" \"${PODS_ROOT}/Manifest.lock\" > /dev/null\nif [ $? != 0 ] ; then\n    # print error to STDERR\n    echo \"error: The sandbox is not in sync with the Podfile.lock. Run 'pod install' or update your CocoaPods installation.\" >&2\n    exit 1\nfi\n# This output is used by Xcode 'outputs' to avoid re-running this script phase.\necho \"SUCCESS\" > \"${SCRIPT_OUTPUT_FILE_0}\"\n";
			showEnvVarsInLog = 0;
		};
		4E74B098CF14DF0631DC2B86 /* [CP] Check Pods Manifest.lock */ = {
			isa = PBXShellScriptBuildPhase;
			buildActionMask = 2147483647;
			files = (
			);
			inputPaths = (
				"${PODS_PODFILE_DIR_PATH}/Podfile.lock",
				"${PODS_ROOT}/Manifest.lock",
			);
			name = "[CP] Check Pods Manifest.lock";
			outputPaths = (
				"$(DERIVED_FILE_DIR)/Pods-RichEditorViewSample-checkManifestLockResult.txt",
			);
			runOnlyForDeploymentPostprocessing = 0;
			shellPath = /bin/sh;
			shellScript = "diff \"${PODS_PODFILE_DIR_PATH}/Podfile.lock\" \"${PODS_ROOT}/Manifest.lock\" > /dev/null\nif [ $? != 0 ] ; then\n    # print error to STDERR\n    echo \"error: The sandbox is not in sync with the Podfile.lock. Run 'pod install' or update your CocoaPods installation.\" >&2\n    exit 1\nfi\n# This output is used by Xcode 'outputs' to avoid re-running this script phase.\necho \"SUCCESS\" > \"${SCRIPT_OUTPUT_FILE_0}\"\n";
			showEnvVarsInLog = 0;
		};
/* End PBXShellScriptBuildPhase section */

/* Begin PBXSourcesBuildPhase section */
		39BBCFA61AD0CC7A00A450D2 /* Sources */ = {
			isa = PBXSourcesBuildPhase;
			buildActionMask = 2147483647;
			files = (
				39883B491AD0DC270031FD16 /* KeyboardManager.swift in Sources */,
				404668D62C0AF80C003C5A08 /* RichEditorView.swift in Sources */,
				404668D42C0AF7EB003C5A08 /* RichEditorToolbar.swift in Sources */,
				404668D82C0AF835003C5A08 /* RichEditorWebView.swift in Sources */,
				403B29812C0DDF42006179EC /* ViewController.swift in Sources */,
				400D0A772C0B5684009E7617 /* UIImage+Extensions.swift in Sources */,
				404668DA2C0AF84D003C5A08 /* String+Extensions.swift in Sources */,
				404668D22C0AF7C7003C5A08 /* RichEditorOptionItem.swift in Sources */,
				404669352C0B1ABD003C5A08 /* MentionTableCell.swift in Sources */,
				404668DC2C0AF869003C5A08 /* UIColor+Extensions.swift in Sources */,
				39BBCFB01AD0CC7A00A450D2 /* AppDelegate.swift in Sources */,
			);
			runOnlyForDeploymentPostprocessing = 0;
		};
		39BBCFBB1AD0CC7A00A450D2 /* Sources */ = {
			isa = PBXSourcesBuildPhase;
			buildActionMask = 2147483647;
			files = (
				39BBCFC61AD0CC7A00A450D2 /* RichEditorViewSampleTests.swift in Sources */,
			);
			runOnlyForDeploymentPostprocessing = 0;
		};
/* End PBXSourcesBuildPhase section */

/* Begin PBXTargetDependency section */
		39BBCFC11AD0CC7A00A450D2 /* PBXTargetDependency */ = {
			isa = PBXTargetDependency;
			target = 39BBCFA91AD0CC7A00A450D2 /* RichEditorViewSample */;
			targetProxy = 39BBCFC01AD0CC7A00A450D2 /* PBXContainerItemProxy */;
		};
/* End PBXTargetDependency section */

/* Begin PBXVariantGroup section */
		39BBCFB31AD0CC7A00A450D2 /* Main.storyboard */ = {
			isa = PBXVariantGroup;
			children = (
				39BBCFB41AD0CC7A00A450D2 /* Base */,
			);
			name = Main.storyboard;
			sourceTree = "<group>";
		};
		39BBCFB81AD0CC7A00A450D2 /* LaunchScreen.xib */ = {
			isa = PBXVariantGroup;
			children = (
				39BBCFB91AD0CC7A00A450D2 /* Base */,
			);
			name = LaunchScreen.xib;
			sourceTree = "<group>";
		};
/* End PBXVariantGroup section */

/* Begin XCBuildConfiguration section */
		39BBCFC71AD0CC7A00A450D2 /* Debug */ = {
			isa = XCBuildConfiguration;
			buildSettings = {
				ALWAYS_SEARCH_USER_PATHS = NO;
				CLANG_CXX_LANGUAGE_STANDARD = "gnu++0x";
				CLANG_CXX_LIBRARY = "libc++";
				CLANG_ENABLE_MODULES = YES;
				CLANG_ENABLE_OBJC_ARC = YES;
				CLANG_WARN_BLOCK_CAPTURE_AUTORELEASING = YES;
				CLANG_WARN_BOOL_CONVERSION = YES;
				CLANG_WARN_COMMA = YES;
				CLANG_WARN_CONSTANT_CONVERSION = YES;
				CLANG_WARN_DEPRECATED_OBJC_IMPLEMENTATIONS = YES;
				CLANG_WARN_DIRECT_OBJC_ISA_USAGE = YES_ERROR;
				CLANG_WARN_EMPTY_BODY = YES;
				CLANG_WARN_ENUM_CONVERSION = YES;
				CLANG_WARN_INFINITE_RECURSION = YES;
				CLANG_WARN_INT_CONVERSION = YES;
				CLANG_WARN_NON_LITERAL_NULL_CONVERSION = YES;
				CLANG_WARN_OBJC_IMPLICIT_RETAIN_SELF = YES;
				CLANG_WARN_OBJC_LITERAL_CONVERSION = YES;
				CLANG_WARN_OBJC_ROOT_CLASS = YES_ERROR;
				CLANG_WARN_QUOTED_INCLUDE_IN_FRAMEWORK_HEADER = YES;
				CLANG_WARN_RANGE_LOOP_ANALYSIS = YES;
				CLANG_WARN_STRICT_PROTOTYPES = YES;
				CLANG_WARN_SUSPICIOUS_MOVE = YES;
				CLANG_WARN_UNREACHABLE_CODE = YES;
				CLANG_WARN__DUPLICATE_METHOD_MATCH = YES;
				"CODE_SIGN_IDENTITY[sdk=iphoneos*]" = "iPhone Developer";
				COPY_PHASE_STRIP = NO;
				ENABLE_STRICT_OBJC_MSGSEND = YES;
				ENABLE_TESTABILITY = YES;
				ENABLE_USER_SCRIPT_SANDBOXING = YES;
				GCC_C_LANGUAGE_STANDARD = gnu99;
				GCC_DYNAMIC_NO_PIC = NO;
				GCC_NO_COMMON_BLOCKS = YES;
				GCC_OPTIMIZATION_LEVEL = 0;
				GCC_PREPROCESSOR_DEFINITIONS = (
					"DEBUG=1",
					"$(inherited)",
				);
				GCC_SYMBOLS_PRIVATE_EXTERN = NO;
				GCC_WARN_64_TO_32_BIT_CONVERSION = YES;
				GCC_WARN_ABOUT_RETURN_TYPE = YES_ERROR;
				GCC_WARN_UNDECLARED_SELECTOR = YES;
				GCC_WARN_UNINITIALIZED_AUTOS = YES_AGGRESSIVE;
				GCC_WARN_UNUSED_FUNCTION = YES;
				GCC_WARN_UNUSED_VARIABLE = YES;
				IPHONEOS_DEPLOYMENT_TARGET = 13.0;
				MTL_ENABLE_DEBUG_INFO = YES;
				ONLY_ACTIVE_ARCH = YES;
				SDKROOT = iphoneos;
				SWIFT_OPTIMIZATION_LEVEL = "-Onone";
				TARGETED_DEVICE_FAMILY = "1,2";
			};
			name = Debug;
		};
		39BBCFC81AD0CC7A00A450D2 /* Release */ = {
			isa = XCBuildConfiguration;
			buildSettings = {
				ALWAYS_SEARCH_USER_PATHS = NO;
				CLANG_CXX_LANGUAGE_STANDARD = "gnu++0x";
				CLANG_CXX_LIBRARY = "libc++";
				CLANG_ENABLE_MODULES = YES;
				CLANG_ENABLE_OBJC_ARC = YES;
				CLANG_WARN_BLOCK_CAPTURE_AUTORELEASING = YES;
				CLANG_WARN_BOOL_CONVERSION = YES;
				CLANG_WARN_COMMA = YES;
				CLANG_WARN_CONSTANT_CONVERSION = YES;
				CLANG_WARN_DEPRECATED_OBJC_IMPLEMENTATIONS = YES;
				CLANG_WARN_DIRECT_OBJC_ISA_USAGE = YES_ERROR;
				CLANG_WARN_EMPTY_BODY = YES;
				CLANG_WARN_ENUM_CONVERSION = YES;
				CLANG_WARN_INFINITE_RECURSION = YES;
				CLANG_WARN_INT_CONVERSION = YES;
				CLANG_WARN_NON_LITERAL_NULL_CONVERSION = YES;
				CLANG_WARN_OBJC_IMPLICIT_RETAIN_SELF = YES;
				CLANG_WARN_OBJC_LITERAL_CONVERSION = YES;
				CLANG_WARN_OBJC_ROOT_CLASS = YES_ERROR;
				CLANG_WARN_QUOTED_INCLUDE_IN_FRAMEWORK_HEADER = YES;
				CLANG_WARN_RANGE_LOOP_ANALYSIS = YES;
				CLANG_WARN_STRICT_PROTOTYPES = YES;
				CLANG_WARN_SUSPICIOUS_MOVE = YES;
				CLANG_WARN_UNREACHABLE_CODE = YES;
				CLANG_WARN__DUPLICATE_METHOD_MATCH = YES;
				"CODE_SIGN_IDENTITY[sdk=iphoneos*]" = "iPhone Developer";
				COPY_PHASE_STRIP = NO;
				ENABLE_NS_ASSERTIONS = NO;
				ENABLE_STRICT_OBJC_MSGSEND = YES;
				ENABLE_USER_SCRIPT_SANDBOXING = YES;
				GCC_C_LANGUAGE_STANDARD = gnu99;
				GCC_NO_COMMON_BLOCKS = YES;
				GCC_WARN_64_TO_32_BIT_CONVERSION = YES;
				GCC_WARN_ABOUT_RETURN_TYPE = YES_ERROR;
				GCC_WARN_UNDECLARED_SELECTOR = YES;
				GCC_WARN_UNINITIALIZED_AUTOS = YES_AGGRESSIVE;
				GCC_WARN_UNUSED_FUNCTION = YES;
				GCC_WARN_UNUSED_VARIABLE = YES;
				IPHONEOS_DEPLOYMENT_TARGET = 13.0;
				MTL_ENABLE_DEBUG_INFO = NO;
				SDKROOT = iphoneos;
				SWIFT_COMPILATION_MODE = wholemodule;
				SWIFT_OPTIMIZATION_LEVEL = "-O";
				TARGETED_DEVICE_FAMILY = "1,2";
				VALIDATE_PRODUCT = YES;
			};
			name = Release;
		};
		39BBCFCA1AD0CC7A00A450D2 /* Debug */ = {
			isa = XCBuildConfiguration;
			baseConfigurationReference = 7C486AFCBFD3DFEE9E96E745 /* Pods-RichEditorViewSample.debug.xcconfig */;
			buildSettings = {
				ALWAYS_EMBED_SWIFT_STANDARD_LIBRARIES = YES;
				ASSETCATALOG_COMPILER_APPICON_NAME = AppIcon;
				CLANG_ENABLE_MODULES = YES;
				DEVELOPMENT_TEAM = 37D4SXVKKL;
				INFOPLIST_FILE = RichEditorViewSample/Info.plist;
				IPHONEOS_DEPLOYMENT_TARGET = 14.0;
				PRODUCT_BUNDLE_IDENTIFIER = com.pepul.RichEditorViewSample;
				PRODUCT_NAME = "$(TARGET_NAME)";
				SWIFT_OBJC_BRIDGING_HEADER = "RichEditorViewSample/RichEditorViewSample-Bridging-Header.h";
				SWIFT_OPTIMIZATION_LEVEL = "-Onone";
				SWIFT_VERSION = 4.2;
			};
			name = Debug;
		};
		39BBCFCB1AD0CC7A00A450D2 /* Release */ = {
			isa = XCBuildConfiguration;
			baseConfigurationReference = 711C4CDE8BAD5287644EECDB /* Pods-RichEditorViewSample.release.xcconfig */;
			buildSettings = {
				ALWAYS_EMBED_SWIFT_STANDARD_LIBRARIES = YES;
				ASSETCATALOG_COMPILER_APPICON_NAME = AppIcon;
				CLANG_ENABLE_MODULES = YES;
				DEVELOPMENT_TEAM = 37D4SXVKKL;
				INFOPLIST_FILE = RichEditorViewSample/Info.plist;
				IPHONEOS_DEPLOYMENT_TARGET = 14.0;
				PRODUCT_BUNDLE_IDENTIFIER = com.pepul.RichEditorViewSample;
				PRODUCT_NAME = "$(TARGET_NAME)";
				SWIFT_OBJC_BRIDGING_HEADER = "RichEditorViewSample/RichEditorViewSample-Bridging-Header.h";
				SWIFT_VERSION = 4.2;
			};
			name = Release;
		};
		39BBCFCD1AD0CC7A00A450D2 /* Debug */ = {
			isa = XCBuildConfiguration;
			baseConfigurationReference = CD7AC640A6F6D280D596A0E7 /* Pods-RichEditorViewSampleTests.debug.xcconfig */;
			buildSettings = {
				BUNDLE_LOADER = "$(TEST_HOST)";
				DEVELOPMENT_TEAM = 37D4SXVKKL;
				GCC_PREPROCESSOR_DEFINITIONS = (
					"DEBUG=1",
					"$(inherited)",
				);
				INFOPLIST_FILE = RichEditorViewSampleTests/Info.plist;
				PRODUCT_BUNDLE_IDENTIFIER = com.pepul.RichEditorViewSample;
				PRODUCT_NAME = "$(TARGET_NAME)";
				SWIFT_VERSION = 4.2;
				TEST_HOST = "$(BUILT_PRODUCTS_DIR)/RichEditorViewSample.app/RichEditorViewSample";
			};
			name = Debug;
		};
		39BBCFCE1AD0CC7A00A450D2 /* Release */ = {
			isa = XCBuildConfiguration;
			baseConfigurationReference = 241FB2F40D00879B5C95D808 /* Pods-RichEditorViewSampleTests.release.xcconfig */;
			buildSettings = {
				BUNDLE_LOADER = "$(TEST_HOST)";
				DEVELOPMENT_TEAM = 37D4SXVKKL;
				INFOPLIST_FILE = RichEditorViewSampleTests/Info.plist;
				PRODUCT_BUNDLE_IDENTIFIER = com.pepul.RichEditorViewSample;
				PRODUCT_NAME = "$(TARGET_NAME)";
				SWIFT_VERSION = 4.2;
				TEST_HOST = "$(BUILT_PRODUCTS_DIR)/RichEditorViewSample.app/RichEditorViewSample";
			};
			name = Release;
		};
/* End XCBuildConfiguration section */

/* Begin XCConfigurationList section */
		39BBCFA51AD0CC7A00A450D2 /* Build configuration list for PBXProject "RichEditorViewSample" */ = {
			isa = XCConfigurationList;
			buildConfigurations = (
				39BBCFC71AD0CC7A00A450D2 /* Debug */,
				39BBCFC81AD0CC7A00A450D2 /* Release */,
			);
			defaultConfigurationIsVisible = 0;
			defaultConfigurationName = Release;
		};
		39BBCFC91AD0CC7A00A450D2 /* Build configuration list for PBXNativeTarget "RichEditorViewSample" */ = {
			isa = XCConfigurationList;
			buildConfigurations = (
				39BBCFCA1AD0CC7A00A450D2 /* Debug */,
				39BBCFCB1AD0CC7A00A450D2 /* Release */,
			);
			defaultConfigurationIsVisible = 0;
			defaultConfigurationName = Release;
		};
		39BBCFCC1AD0CC7A00A450D2 /* Build configuration list for PBXNativeTarget "RichEditorViewSampleTests" */ = {
			isa = XCConfigurationList;
			buildConfigurations = (
				39BBCFCD1AD0CC7A00A450D2 /* Debug */,
				39BBCFCE1AD0CC7A00A450D2 /* Release */,
			);
			defaultConfigurationIsVisible = 0;
			defaultConfigurationName = Release;
		};
/* End XCConfigurationList section */
	};
	rootObject = 39BBCFA21AD0CC7A00A450D2 /* Project object */;
}
